
Microsoft Visual Studio Solution File, Format Version 12.00
Project("{FAE04EC0-301F-11D3-BF4B-00C04F79EFBC}") = "LookupServiceClient-PoC", "LookupServiceClient-PoC\LookupServiceClient-PoC.csproj", "{2D72B77A-417C-4417-A3FA-7AC8154E75A2}"
EndProject
Global
	GlobalSection(SolutionConfigurationPlatforms) = preSolution
		Debug|Any CPU = Debug|Any CPU
		Release|Any CPU = Release|Any CPU
	EndGlobalSection
	GlobalSection(ProjectConfigurationPlatforms) = postSolution
		{2D72B77A-417C-4417-A3FA-7AC8154E75A2}.Debug|Any CPU.ActiveCfg = Debug|Any CPU
		{2D72B77A-417C-4417-A3FA-7AC8154E75A2}.Debug|Any CPU.Build.0 = Debug|Any CPU
		{2D72B77A-417C-4417-A3FA-7AC8154E75A2}.Release|Any CPU.ActiveCfg = Release|Any CPU
		{2D72B77A-417C-4417-A3FA-7AC8154E75A2}.Release|Any CPU.Build.0 = Release|Any CPU
	EndGlobalSection
EndGlobal
